{
  "lockfileVersion": 1,
  "configVersion": 1,
  "workspaces": {
    "": {
      "name": "tawzeef-x-backend",
      "dependencies": {
        "hono": "^4.0.0",
        "postgres": "^3.4.3",
      },
    },
  },
  "packages": {
    "hono": ["hono@4.12.25", "", {}, "sha512-2NFaIyNVgJmBs/ecmtGzlmluTFs5cHEWGTdu0t1HBwYzoGXOL5nUQBRMXsXWla5i4KkG//QMzVP88m1+I3fdAQ=="],

    "postgres": ["postgres@3.4.9", "", {}, "sha512-GD3qdB0x1z9xgFI6cdRD6xu2Sp2WCOEoe3mtnyB5Ee0XrrL5Pe+e4CCnJrRMnL1zYtRDZmQQVbvOttLnKDLnaw=="],
  }
}
